
Microsoft Visual Studio Solution File, Format Version 12.00
# Visual Studio 15
VisualStudioVersion = 15.0.28010.2026
MinimumVisualStudioVersion = 10.0.40219.1
Project("{8BC9CEB8-8B4A-11D0-8D11-00A0C91BC942}") = "Tankgame_v1", "Tankgame_v1\Tankgame_v1.vcxproj", "{F7DE77B0-D867-432F-BF3D-45D4FC5A0A12}"
EndProject
Global
	GlobalSection(SolutionConfigurationPlatforms) = preSolution
		Debug|x64 = Debug|x64
		Debug|x86 = Debug|x86
		Release|x64 = Release|x64
		Release|x86 = Release|x86
	EndGlobalSection
	GlobalSection(ProjectConfigurationPlatforms) = postSolution
		{F7DE77B0-D867-432F-BF3D-45D4FC5A0A12}.Debug|x64.ActiveCfg = Debug|x64
		{F7DE77B0-D867-432F-BF3D-45D4FC5A0A12}.Debug|x64.Build.0 = Debug|x64
		{F7DE77B0-D867-432F-BF3D-45D4FC5A0A12}.Debug|x86.ActiveCfg = Debug|Win32
		{F7DE77B0-D867-432F-BF3D-45D4FC5A0A12}.Debug|x86.Build.0 = Debug|Win32
		{F7DE77B0-D867-432F-BF3D-45D4FC5A0A12}.Release|x64.ActiveCfg = Release|x64
		{F7DE77B0-D867-432F-BF3D-45D4FC5A0A12}.Release|x64.Build.0 = Release|x64
		{F7DE77B0-D867-432F-BF3D-45D4FC5A0A12}.Release|x86.ActiveCfg = Release|Win32
		{F7DE77B0-D867-432F-BF3D-45D4FC5A0A12}.Release|x86.Build.0 = Release|Win32
	EndGlobalSection
	GlobalSection(SolutionProperties) = preSolution
		HideSolutionNode = FALSE
	EndGlobalSection
	GlobalSection(ExtensibilityGlobals) = postSolution
		SolutionGuid = {418FE1DB-2B66-4D02-BF07-8876DB10BD71}
	EndGlobalSection
EndGlobal
